github.com/felixge/httpsnoop v1.0.1 h1:lvB5Jl89CsZtGIWuTcDM1E/vkVs49/Ml7JJe07l8SPQ=
github.com/felixge/httpsnoop v1.0.1/go.mod h1:m8KPJKqk1gH5J9DgRY2ASl2lWCfGKXixSwevea8zH2U=
github.com/fooofei/stdr v0.2.0/go.mod h1:abevnKp7Nx7ltAxHIJiEysn0Y3AztVpGbIsY7836oug=
github.com/go-logr/logr v0.2.1 h1:fV3MLmabKIZ383XifUjFSwcoGee0v9qgPp8wy5svibE=
github.com/go-logr/logr v0.2.1/go.mod h1:z6/tIYblkpsD+a4lm/fGIIU9mZ+XfAiaFtq7xTgseGU=
github.com/gorilla/handlers v1.4.0 h1:XulKRWSQK5uChr4pEgSE4Tc/OcmnU9GJuSwdog/tZsA=
github.com/gorilla/handlers v1.4.0/go.mod h1:Qkdc/uu4tH4g6mTK6auzZ766c4CA0Ng8+o/OAirnOIQ=
github.com/gorilla/handlers v1.5.0 h1:4wjo3sf9azi99c8hTmyaxp9y5S+pFszsy3pP0rAw/lw=
github.com/gorilla/handlers v1.5.0/go.mod h1:t8XrUpc4KVXb7HGyJ4/cEnwQiaxrX/hz1Zv/4g96P1Q=
